
Microsoft Visual Studio Solution File, Format Version 12.00
# Visual Studio Version 16
VisualStudioVersion = 16.0.34031.81
MinimumVisualStudioVersion = 10.0.40219.1
Project("{2150E333-8FDC-42A3-9474-1A3956D46DE8}") = "Task0", "Task0", "{4A9AE307-C905-42FE-B20F-0AC5AE58B519}"
EndProject
Project("{FAE04EC0-301F-11D3-BF4B-00C04F79EFBC}") = "Tyuiu.ChepurnykhSR.Sprint4.Task0.V22", "Tyuiu.ChepurnykhSR.Sprint4.Task0.V22\Tyuiu.ChepurnykhSR.Sprint4.Task0.V22.csproj", "{FECC52CD-D594-4AE5-8501-CCE8CECFC28C}"
EndProject
Project("{FAE04EC0-301F-11D3-BF4B-00C04F79EFBC}") = "Tyuiu.ChepurnykhSR.Sprint4.Task0.V22.Lib", "Tyuiu.ChepurnykhSR.Sprint4.Task0.V22.Lib\Tyuiu.ChepurnykhSR.Sprint4.Task0.V22.Lib.csproj", "{A73198E6-364C-410D-A1BC-B75243F7B6CA}"
EndProject
Project("{FAE04EC0-301F-11D3-BF4B-00C04F79EFBC}") = "Tyuiu.ChepurnykhSR.Sprint4.Task0.V22.Test", "Tyuiu.ChepurnykhSR.Sprint4.Task0.V22.Test\Tyuiu.ChepurnykhSR.Sprint4.Task0.V22.Test.csproj", "{A344F71D-D42C-4890-B4ED-78A737FA2E28}"
EndProject
Project("{2150E333-8FDC-42A3-9474-1A3956D46DE8}") = "Task1", "Task1", "{953F09BB-2C65-4663-90AB-1C8428CBA28E}"
EndProject
Project("{FAE04EC0-301F-11D3-BF4B-00C04F79EFBC}") = "Tyuiu.ChepurnykhSR.Sprint4.Task1.V24", "Tyuiu.ChepurnykhSR.Sprint4.Task1.V24\Tyuiu.ChepurnykhSR.Sprint4.Task1.V24.csproj", "{D3E3F3E2-86D4-4BC8-B71E-E9451525BA0D}"
EndProject
Project("{FAE04EC0-301F-11D3-BF4B-00C04F79EFBC}") = "Tyuiu.ChepurnykhSR.Sprint4.Task1.V24.Lib", "Tyuiu.ChepurnykhSR.Sprint4.Task1.V24.Lib\Tyuiu.ChepurnykhSR.Sprint4.Task1.V24.Lib.csproj", "{4B2B6BBE-DB5D-49DD-8445-E32437F21B44}"
EndProject
Project("{FAE04EC0-301F-11D3-BF4B-00C04F79EFBC}") = "Tyuiu.ChepurnykhSR.Sprint4.Task1.V24.Test", "Tyuiu.ChepurnykhSR.Sprint4.Task1.V24.Test\Tyuiu.ChepurnykhSR.Sprint4.Task1.V24.Test.csproj", "{284F4F39-A5C6-469F-87DE-C1509627A503}"
EndProject
Project("{2150E333-8FDC-42A3-9474-1A3956D46DE8}") = "Task2", "Task2", "{918FFF57-53A2-4567-928D-9766A746534F}"
EndProject
Project("{FAE04EC0-301F-11D3-BF4B-00C04F79EFBC}") = "Tyuiu.ChepurnykhSR.Sprint4.Task2.V7", "Tyuiu.ChepurnykhSR.Sprint4.Task2.V7\Tyuiu.ChepurnykhSR.Sprint4.Task2.V7.csproj", "{90CE0391-1727-40E9-8605-74973827B38A}"
EndProject
Project("{FAE04EC0-301F-11D3-BF4B-00C04F79EFBC}") = "Tyuiu.ChepurnykhSR.Sprint4.Task2.V7.Lib", "Tyuiu.ChepurnykhSR.Sprint4.Task2.V7.Lib\Tyuiu.ChepurnykhSR.Sprint4.Task2.V7.Lib.csproj", "{CDF8870F-5CF9-476D-9A2F-296E8E2396B0}"
EndProject
Project("{FAE04EC0-301F-11D3-BF4B-00C04F79EFBC}") = "Tyuiu.ChepurnykhSR.Sprint4.Task2.V7.Test", "Tyuiu.ChepurnykhSR.Sprint4.Task2.V7.Test\Tyuiu.ChepurnykhSR.Sprint4.Task2.V7.Test.csproj", "{1CA46B35-7DE4-4C05-AC16-8B4F2B1CE52D}"
EndProject
Project("{2150E333-8FDC-42A3-9474-1A3956D46DE8}") = "Task3", "Task3", "{1665ACCD-7634-4410-910A-D2E54A64CA43}"
EndProject
Project("{FAE04EC0-301F-11D3-BF4B-00C04F79EFBC}") = "Tyuiu.ChepurnykhSR.Sprint4.Task3.V30", "Tyuiu.ChepurnykhSR.Sprint4.Task3.V30\Tyuiu.ChepurnykhSR.Sprint4.Task3.V30.csproj", "{77F9E774-5CF9-44D0-B1EF-EF2C96A00207}"
EndProject
Project("{FAE04EC0-301F-11D3-BF4B-00C04F79EFBC}") = "Tyuiu.ChepurnykhSR.Sprint4.Task3.V30.Lib", "Tyuiu.ChepurnykhSR.Sprint4.Task3.V30.Lib\Tyuiu.ChepurnykhSR.Sprint4.Task3.V30.Lib.csproj", "{D4365A33-0980-4435-A48C-E0A6A0662C2C}"
EndProject
Project("{FAE04EC0-301F-11D3-BF4B-00C04F79EFBC}") = "Tyuiu.ChepurnykhSR.Sprint4.Task3.V30.Test", "Tyuiu.ChepurnykhSR.Sprint4.Task3.V30.Test\Tyuiu.ChepurnykhSR.Sprint4.Task3.V30.Test.csproj", "{80C7A6ED-5002-435F-9A61-B05F61E311BB}"
EndProject
Global
	GlobalSection(SolutionConfigurationPlatforms) = preSolution
		Debug|Any CPU = Debug|Any CPU
		Release|Any CPU = Release|Any CPU
	EndGlobalSection
	GlobalSection(ProjectConfigurationPlatforms) = postSolution
		{FECC52CD-D594-4AE5-8501-CCE8CECFC28C}.Debug|Any CPU.ActiveCfg = Debug|Any CPU
		{FECC52CD-D594-4AE5-8501-CCE8CECFC28C}.Debug|Any CPU.Build.0 = Debug|Any CPU
		{FECC52CD-D594-4AE5-8501-CCE8CECFC28C}.Release|Any CPU.ActiveCfg = Release|Any CPU
		{FECC52CD-D594-4AE5-8501-CCE8CECFC28C}.Release|Any CPU.Build.0 = Release|Any CPU
		{A73198E6-364C-410D-A1BC-B75243F7B6CA}.Debug|Any CPU.ActiveCfg = Debug|Any CPU
		{A73198E6-364C-410D-A1BC-B75243F7B6CA}.Debug|Any CPU.Build.0 = Debug|Any CPU
		{A73198E6-364C-410D-A1BC-B75243F7B6CA}.Release|Any CPU.ActiveCfg = Release|Any CPU
		{A73198E6-364C-410D-A1BC-B75243F7B6CA}.Release|Any CPU.Build.0 = Release|Any CPU
		{A344F71D-D42C-4890-B4ED-78A737FA2E28}.Debug|Any CPU.ActiveCfg = Debug|Any CPU
		{A344F71D-D42C-4890-B4ED-78A737FA2E28}.Debug|Any CPU.Build.0 = Debug|Any CPU
		{A344F71D-D42C-4890-B4ED-78A737FA2E28}.Release|Any CPU.ActiveCfg = Release|Any CPU
		{A344F71D-D42C-4890-B4ED-78A737FA2E28}.Release|Any CPU.Build.0 = Release|Any CPU
		{D3E3F3E2-86D4-4BC8-B71E-E9451525BA0D}.Debug|Any CPU.ActiveCfg = Debug|Any CPU
		{D3E3F3E2-86D4-4BC8-B71E-E9451525BA0D}.Debug|Any CPU.Build.0 = Debug|Any CPU
		{D3E3F3E2-86D4-4BC8-B71E-E9451525BA0D}.Release|Any CPU.ActiveCfg = Release|Any CPU
		{D3E3F3E2-86D4-4BC8-B71E-E9451525BA0D}.Release|Any CPU.Build.0 = Release|Any CPU
		{4B2B6BBE-DB5D-49DD-8445-E32437F21B44}.Debug|Any CPU.ActiveCfg = Debug|Any CPU
		{4B2B6BBE-DB5D-49DD-8445-E32437F21B44}.Debug|Any CPU.Build.0 = Debug|Any CPU
		{4B2B6BBE-DB5D-49DD-8445-E32437F21B44}.Release|Any CPU.ActiveCfg = Release|Any CPU
		{4B2B6BBE-DB5D-49DD-8445-E32437F21B44}.Release|Any CPU.Build.0 = Release|Any CPU
		{284F4F39-A5C6-469F-87DE-C1509627A503}.Debug|Any CPU.ActiveCfg = Debug|Any CPU
		{284F4F39-A5C6-469F-87DE-C1509627A503}.Debug|Any CPU.Build.0 = Debug|Any CPU
		{284F4F39-A5C6-469F-87DE-C1509627A503}.Release|Any CPU.ActiveCfg = Release|Any CPU
		{284F4F39-A5C6-469F-87DE-C1509627A503}.Release|Any CPU.Build.0 = Release|Any CPU
		{90CE0391-1727-40E9-8605-74973827B38A}.Debug|Any CPU.ActiveCfg = Debug|Any CPU
		{90CE0391-1727-40E9-8605-74973827B38A}.Debug|Any CPU.Build.0 = Debug|Any CPU
		{90CE0391-1727-40E9-8605-74973827B38A}.Release|Any CPU.ActiveCfg = Release|Any CPU
		{90CE0391-1727-40E9-8605-74973827B38A}.Release|Any CPU.Build.0 = Release|Any CPU
		{CDF8870F-5CF9-476D-9A2F-296E8E2396B0}.Debug|Any CPU.ActiveCfg = Debug|Any CPU
		{CDF8870F-5CF9-476D-9A2F-296E8E2396B0}.Debug|Any CPU.Build.0 = Debug|Any CPU
		{CDF8870F-5CF9-476D-9A2F-296E8E2396B0}.Release|Any CPU.ActiveCfg = Release|Any CPU
		{CDF8870F-5CF9-476D-9A2F-296E8E2396B0}.Release|Any CPU.Build.0 = Release|Any CPU
		{1CA46B35-7DE4-4C05-AC16-8B4F2B1CE52D}.Debug|Any CPU.ActiveCfg = Debug|Any CPU
		{1CA46B35-7DE4-4C05-AC16-8B4F2B1CE52D}.Debug|Any CPU.Build.0 = Debug|Any CPU
		{1CA46B35-7DE4-4C05-AC16-8B4F2B1CE52D}.Release|Any CPU.ActiveCfg = Release|Any CPU
		{1CA46B35-7DE4-4C05-AC16-8B4F2B1CE52D}.Release|Any CPU.Build.0 = Release|Any CPU
		{77F9E774-5CF9-44D0-B1EF-EF2C96A00207}.Debug|Any CPU.ActiveCfg = Debug|Any CPU
		{77F9E774-5CF9-44D0-B1EF-EF2C96A00207}.Debug|Any CPU.Build.0 = Debug|Any CPU
		{77F9E774-5CF9-44D0-B1EF-EF2C96A00207}.Release|Any CPU.ActiveCfg = Release|Any CPU
		{77F9E774-5CF9-44D0-B1EF-EF2C96A00207}.Release|Any CPU.Build.0 = Release|Any CPU
		{D4365A33-0980-4435-A48C-E0A6A0662C2C}.Debug|Any CPU.ActiveCfg = Debug|Any CPU
		{D4365A33-0980-4435-A48C-E0A6A0662C2C}.Debug|Any CPU.Build.0 = Debug|Any CPU
		{D4365A33-0980-4435-A48C-E0A6A0662C2C}.Release|Any CPU.ActiveCfg = Release|Any CPU
		{D4365A33-0980-4435-A48C-E0A6A0662C2C}.Release|Any CPU.Build.0 = Release|Any CPU
		{80C7A6ED-5002-435F-9A61-B05F61E311BB}.Debug|Any CPU.ActiveCfg = Debug|Any CPU
		{80C7A6ED-5002-435F-9A61-B05F61E311BB}.Debug|Any CPU.Build.0 = Debug|Any CPU
		{80C7A6ED-5002-435F-9A61-B05F61E311BB}.Release|Any CPU.ActiveCfg = Release|Any CPU
		{80C7A6ED-5002-435F-9A61-B05F61E311BB}.Release|Any CPU.Build.0 = Release|Any CPU
	EndGlobalSection
	GlobalSection(SolutionProperties) = preSolution
		HideSolutionNode = FALSE
	EndGlobalSection
	GlobalSection(NestedProjects) = preSolution
		{FECC52CD-D594-4AE5-8501-CCE8CECFC28C} = {4A9AE307-C905-42FE-B20F-0AC5AE58B519}
		{A73198E6-364C-410D-A1BC-B75243F7B6CA} = {4A9AE307-C905-42FE-B20F-0AC5AE58B519}
		{A344F71D-D42C-4890-B4ED-78A737FA2E28} = {4A9AE307-C905-42FE-B20F-0AC5AE58B519}
		{D3E3F3E2-86D4-4BC8-B71E-E9451525BA0D} = {953F09BB-2C65-4663-90AB-1C8428CBA28E}
		{4B2B6BBE-DB5D-49DD-8445-E32437F21B44} = {953F09BB-2C65-4663-90AB-1C8428CBA28E}
		{284F4F39-A5C6-469F-87DE-C1509627A503} = {953F09BB-2C65-4663-90AB-1C8428CBA28E}
		{90CE0391-1727-40E9-8605-74973827B38A} = {918FFF57-53A2-4567-928D-9766A746534F}
		{CDF8870F-5CF9-476D-9A2F-296E8E2396B0} = {918FFF57-53A2-4567-928D-9766A746534F}
		{1CA46B35-7DE4-4C05-AC16-8B4F2B1CE52D} = {918FFF57-53A2-4567-928D-9766A746534F}
		{77F9E774-5CF9-44D0-B1EF-EF2C96A00207} = {1665ACCD-7634-4410-910A-D2E54A64CA43}
		{D4365A33-0980-4435-A48C-E0A6A0662C2C} = {1665ACCD-7634-4410-910A-D2E54A64CA43}
		{80C7A6ED-5002-435F-9A61-B05F61E311BB} = {1665ACCD-7634-4410-910A-D2E54A64CA43}
	EndGlobalSection
	GlobalSection(ExtensibilityGlobals) = postSolution
		SolutionGuid = {88D3D2F2-36AE-48D1-9ADC-261497D8D03E}
	EndGlobalSection
EndGlobal
